
Microsoft Visual Studio Solution File, Format Version 12.00
# Visual Studio Version 17
VisualStudioVersion = 17.4.33213.308
MinimumVisualStudioVersion = 10.0.40219.1
Project("{2150E333-8FDC-42A3-9474-1A3956D46DE8}") = "solutionItems", "solutionItems", "{09C6AC73-D8F6-4438-9ECD-EFFF1ED94A16}"
	ProjectSection(SolutionItems) = preProject
		reference.txt = reference.txt
	EndProjectSection
EndProject
Project("{2150E333-8FDC-42A3-9474-1A3956D46DE8}") = "src", "src", "{FEBF897C-E653-4FB1-980A-52DE7C1317A5}"
EndProject
Project("{2150E333-8FDC-42A3-9474-1A3956D46DE8}") = "tests", "tests", "{437DFA71-2446-4AF0-803F-E971AE74C376}"
	ProjectSection(SolutionItems) = preProject
		tests\.gitkeep = tests\.gitkeep
	EndProjectSection
EndProject
Project("{9A19103F-16F7-4668-BE54-9A1E7A4F7556}") = "Domain", "src\Domain\Domain.csproj", "{2F8CAAE5-BFD0-445B-B586-1CAAD4A4792B}"
EndProject
Project("{9A19103F-16F7-4668-BE54-9A1E7A4F7556}") = "Application", "src\Application\Application.csproj", "{AE8540CA-B336-4747-8B48-787E4BD69D53}"
EndProject
Project("{9A19103F-16F7-4668-BE54-9A1E7A4F7556}") = "Infrastructure", "src\Infrastructure\Infrastructure.csproj", "{CA2C5BBE-D742-49D1-9E92-22D7C851B08B}"
EndProject
Project("{9A19103F-16F7-4668-BE54-9A1E7A4F7556}") = "API", "src\API\API.csproj", "{5BD999E1-F4E5-4904-A951-457CDD1606AD}"
EndProject
Global
	GlobalSection(SolutionConfigurationPlatforms) = preSolution
		Debug|Any CPU = Debug|Any CPU
		Release|Any CPU = Release|Any CPU
	EndGlobalSection
	GlobalSection(ProjectConfigurationPlatforms) = postSolution
		{2F8CAAE5-BFD0-445B-B586-1CAAD4A4792B}.Debug|Any CPU.ActiveCfg = Debug|Any CPU
		{2F8CAAE5-BFD0-445B-B586-1CAAD4A4792B}.Debug|Any CPU.Build.0 = Debug|Any CPU
		{2F8CAAE5-BFD0-445B-B586-1CAAD4A4792B}.Release|Any CPU.ActiveCfg = Release|Any CPU
		{2F8CAAE5-BFD0-445B-B586-1CAAD4A4792B}.Release|Any CPU.Build.0 = Release|Any CPU
		{AE8540CA-B336-4747-8B48-787E4BD69D53}.Debug|Any CPU.ActiveCfg = Debug|Any CPU
		{AE8540CA-B336-4747-8B48-787E4BD69D53}.Debug|Any CPU.Build.0 = Debug|Any CPU
		{AE8540CA-B336-4747-8B48-787E4BD69D53}.Release|Any CPU.ActiveCfg = Release|Any CPU
		{AE8540CA-B336-4747-8B48-787E4BD69D53}.Release|Any CPU.Build.0 = Release|Any CPU
		{CA2C5BBE-D742-49D1-9E92-22D7C851B08B}.Debug|Any CPU.ActiveCfg = Debug|Any CPU
		{CA2C5BBE-D742-49D1-9E92-22D7C851B08B}.Debug|Any CPU.Build.0 = Debug|Any CPU
		{CA2C5BBE-D742-49D1-9E92-22D7C851B08B}.Release|Any CPU.ActiveCfg = Release|Any CPU
		{CA2C5BBE-D742-49D1-9E92-22D7C851B08B}.Release|Any CPU.Build.0 = Release|Any CPU
		{5BD999E1-F4E5-4904-A951-457CDD1606AD}.Debug|Any CPU.ActiveCfg = Debug|Any CPU
		{5BD999E1-F4E5-4904-A951-457CDD1606AD}.Debug|Any CPU.Build.0 = Debug|Any CPU
		{5BD999E1-F4E5-4904-A951-457CDD1606AD}.Release|Any CPU.ActiveCfg = Release|Any CPU
		{5BD999E1-F4E5-4904-A951-457CDD1606AD}.Release|Any CPU.Build.0 = Release|Any CPU
	EndGlobalSection
	GlobalSection(SolutionProperties) = preSolution
		HideSolutionNode = FALSE
	EndGlobalSection
	GlobalSection(NestedProjects) = preSolution
		{2F8CAAE5-BFD0-445B-B586-1CAAD4A4792B} = {FEBF897C-E653-4FB1-980A-52DE7C1317A5}
		{AE8540CA-B336-4747-8B48-787E4BD69D53} = {FEBF897C-E653-4FB1-980A-52DE7C1317A5}
		{CA2C5BBE-D742-49D1-9E92-22D7C851B08B} = {FEBF897C-E653-4FB1-980A-52DE7C1317A5}
		{5BD999E1-F4E5-4904-A951-457CDD1606AD} = {FEBF897C-E653-4FB1-980A-52DE7C1317A5}
	EndGlobalSection
	GlobalSection(ExtensibilityGlobals) = postSolution
		SolutionGuid = {0636F037-6C6F-4AB4-BBEC-786910784F53}
	EndGlobalSection
EndGlobal
